
Microsoft Visual Studio Solution File, Format Version 12.00
# Visual Studio Version 17
VisualStudioVersion = 17.3.32922.545
MinimumVisualStudioVersion = 10.0.40219.1
Project("{8BC9CEB8-8B4A-11D0-8D11-00A0C91BC942}") = "Pointers", "Pointers\Pointers.vcxproj", "{1005837D-205C-42C8-BE43-616290142869}"
EndProject
Project("{8BC9CEB8-8B4A-11D0-8D11-00A0C91BC942}") = "TransferParameters", "TransferParameters\TransferParameters.vcxproj", "{4A7D6A05-994A-4C9B-B9B1-C425AC1A33B6}"
EndProject
Project("{8BC9CEB8-8B4A-11D0-8D11-00A0C91BC942}") = "References", "References\References.vcxproj", "{7C6AD63E-4AA6-490B-B643-23B2040BFC04}"
EndProject
Project("{8BC9CEB8-8B4A-11D0-8D11-00A0C91BC942}") = "Split", "Split\Split.vcxproj", "{33FED4F0-1B5B-4A14-958A-E2BB0A105D9A}"
EndProject
Global
	GlobalSection(SolutionConfigurationPlatforms) = preSolution
		Debug|x64 = Debug|x64
		Debug|x86 = Debug|x86
		Release|x64 = Release|x64
		Release|x86 = Release|x86
	EndGlobalSection
	GlobalSection(ProjectConfigurationPlatforms) = postSolution
		{1005837D-205C-42C8-BE43-616290142869}.Debug|x64.ActiveCfg = Debug|x64
		{1005837D-205C-42C8-BE43-616290142869}.Debug|x64.Build.0 = Debug|x64
		{1005837D-205C-42C8-BE43-616290142869}.Debug|x86.ActiveCfg = Debug|Win32
		{1005837D-205C-42C8-BE43-616290142869}.Debug|x86.Build.0 = Debug|Win32
		{1005837D-205C-42C8-BE43-616290142869}.Release|x64.ActiveCfg = Release|x64
		{1005837D-205C-42C8-BE43-616290142869}.Release|x64.Build.0 = Release|x64
		{1005837D-205C-42C8-BE43-616290142869}.Release|x86.ActiveCfg = Release|Win32
		{1005837D-205C-42C8-BE43-616290142869}.Release|x86.Build.0 = Release|Win32
		{4A7D6A05-994A-4C9B-B9B1-C425AC1A33B6}.Debug|x64.ActiveCfg = Debug|x64
		{4A7D6A05-994A-4C9B-B9B1-C425AC1A33B6}.Debug|x64.Build.0 = Debug|x64
		{4A7D6A05-994A-4C9B-B9B1-C425AC1A33B6}.Debug|x86.ActiveCfg = Debug|Win32
		{4A7D6A05-994A-4C9B-B9B1-C425AC1A33B6}.Debug|x86.Build.0 = Debug|Win32
		{4A7D6A05-994A-4C9B-B9B1-C425AC1A33B6}.Release|x64.ActiveCfg = Release|x64
		{4A7D6A05-994A-4C9B-B9B1-C425AC1A33B6}.Release|x64.Build.0 = Release|x64
		{4A7D6A05-994A-4C9B-B9B1-C425AC1A33B6}.Release|x86.ActiveCfg = Release|Win32
		{4A7D6A05-994A-4C9B-B9B1-C425AC1A33B6}.Release|x86.Build.0 = Release|Win32
		{7C6AD63E-4AA6-490B-B643-23B2040BFC04}.Debug|x64.ActiveCfg = Debug|x64
		{7C6AD63E-4AA6-490B-B643-23B2040BFC04}.Debug|x64.Build.0 = Debug|x64
		{7C6AD63E-4AA6-490B-B643-23B2040BFC04}.Debug|x86.ActiveCfg = Debug|Win32
		{7C6AD63E-4AA6-490B-B643-23B2040BFC04}.Debug|x86.Build.0 = Debug|Win32
		{7C6AD63E-4AA6-490B-B643-23B2040BFC04}.Release|x64.ActiveCfg = Release|x64
		{7C6AD63E-4AA6-490B-B643-23B2040BFC04}.Release|x64.Build.0 = Release|x64
		{7C6AD63E-4AA6-490B-B643-23B2040BFC04}.Release|x86.ActiveCfg = Release|Win32
		{7C6AD63E-4AA6-490B-B643-23B2040BFC04}.Release|x86.Build.0 = Release|Win32
		{33FED4F0-1B5B-4A14-958A-E2BB0A105D9A}.Debug|x64.ActiveCfg = Debug|x64
		{33FED4F0-1B5B-4A14-958A-E2BB0A105D9A}.Debug|x64.Build.0 = Debug|x64
		{33FED4F0-1B5B-4A14-958A-E2BB0A105D9A}.Debug|x86.ActiveCfg = Debug|Win32
		{33FED4F0-1B5B-4A14-958A-E2BB0A105D9A}.Debug|x86.Build.0 = Debug|Win32
		{33FED4F0-1B5B-4A14-958A-E2BB0A105D9A}.Release|x64.ActiveCfg = Release|x64
		{33FED4F0-1B5B-4A14-958A-E2BB0A105D9A}.Release|x64.Build.0 = Release|x64
		{33FED4F0-1B5B-4A14-958A-E2BB0A105D9A}.Release|x86.ActiveCfg = Release|Win32
		{33FED4F0-1B5B-4A14-958A-E2BB0A105D9A}.Release|x86.Build.0 = Release|Win32
	EndGlobalSection
	GlobalSection(SolutionProperties) = preSolution
		HideSolutionNode = FALSE
	EndGlobalSection
	GlobalSection(ExtensibilityGlobals) = postSolution
		SolutionGuid = {37002546-CF01-4515-B427-155726B06DEE}
	EndGlobalSection
EndGlobal
